
Microsoft Visual Studio Solution File, Format Version 12.00
# Visual Studio Version 17
VisualStudioVersion = 17.6.33815.320
MinimumVisualStudioVersion = 10.0.40219.1
Project("{8BC9CEB8-8B4A-11D0-8D11-00A0C91BC942}") = "greeter_lib", "greeting_lib\greeting_lib.vcxproj", "{A5981C37-668F-4430-8D6A-F7ABEF0B2220}"
EndProject
Project("{8BC9CEB8-8B4A-11D0-8D11-00A0C91BC942}") = "greeter_client", "greeter_client\greeter_client.vcxproj", "{37885A79-984B-487D-B384-6E7ABDC14EE0}"
EndProject
Project("{2150E333-8FDC-42A3-9474-1A3956D46DE8}") = "Элементы решения", "Элементы решения", "{82CCCD6D-377A-4C0B-BF1F-89955F53702D}"
	ProjectSection(SolutionItems) = preProject
		CMakeList.txt = CMakeList.txt
	EndProjectSection
EndProject
Global
	GlobalSection(SolutionConfigurationPlatforms) = preSolution
		Debug|x64 = Debug|x64
		Debug|x86 = Debug|x86
		Release|x64 = Release|x64
		Release|x86 = Release|x86
	EndGlobalSection
	GlobalSection(ProjectConfigurationPlatforms) = postSolution
		{A5981C37-668F-4430-8D6A-F7ABEF0B2220}.Debug|x64.ActiveCfg = Debug|x64
		{A5981C37-668F-4430-8D6A-F7ABEF0B2220}.Debug|x64.Build.0 = Debug|x64
		{A5981C37-668F-4430-8D6A-F7ABEF0B2220}.Debug|x86.ActiveCfg = Debug|Win32
		{A5981C37-668F-4430-8D6A-F7ABEF0B2220}.Debug|x86.Build.0 = Debug|Win32
		{A5981C37-668F-4430-8D6A-F7ABEF0B2220}.Release|x64.ActiveCfg = Release|x64
		{A5981C37-668F-4430-8D6A-F7ABEF0B2220}.Release|x64.Build.0 = Release|x64
		{A5981C37-668F-4430-8D6A-F7ABEF0B2220}.Release|x86.ActiveCfg = Release|Win32
		{A5981C37-668F-4430-8D6A-F7ABEF0B2220}.Release|x86.Build.0 = Release|Win32
		{37885A79-984B-487D-B384-6E7ABDC14EE0}.Debug|x64.ActiveCfg = Debug|x64
		{37885A79-984B-487D-B384-6E7ABDC14EE0}.Debug|x64.Build.0 = Debug|x64
		{37885A79-984B-487D-B384-6E7ABDC14EE0}.Debug|x86.ActiveCfg = Debug|Win32
		{37885A79-984B-487D-B384-6E7ABDC14EE0}.Debug|x86.Build.0 = Debug|Win32
		{37885A79-984B-487D-B384-6E7ABDC14EE0}.Release|x64.ActiveCfg = Release|x64
		{37885A79-984B-487D-B384-6E7ABDC14EE0}.Release|x64.Build.0 = Release|x64
		{37885A79-984B-487D-B384-6E7ABDC14EE0}.Release|x86.ActiveCfg = Release|Win32
		{37885A79-984B-487D-B384-6E7ABDC14EE0}.Release|x86.Build.0 = Release|Win32
	EndGlobalSection
	GlobalSection(SolutionProperties) = preSolution
		HideSolutionNode = FALSE
	EndGlobalSection
	GlobalSection(ExtensibilityGlobals) = postSolution
		SolutionGuid = {3D399D2D-4527-44FE-BC45-CDC3E5FFD47F}
	EndGlobalSection
EndGlobal
