
Microsoft Visual Studio Solution File, Format Version 12.00
# Visual Studio Version 17
VisualStudioVersion = 17.6.33815.320
MinimumVisualStudioVersion = 10.0.40219.1
Project("{8BC9CEB8-8B4A-11D0-8D11-00A0C91BC942}") = "черновик", "черновик\черновик.vcxproj", "{F3001F51-2BE0-42E6-A2F4-85022B8C4AB8}"
EndProject
Global
	GlobalSection(SolutionConfigurationPlatforms) = preSolution
		Debug|x64 = Debug|x64
		Debug|x86 = Debug|x86
		Release|x64 = Release|x64
		Release|x86 = Release|x86
	EndGlobalSection
	GlobalSection(ProjectConfigurationPlatforms) = postSolution
		{F3001F51-2BE0-42E6-A2F4-85022B8C4AB8}.Debug|x64.ActiveCfg = Debug|x64
		{F3001F51-2BE0-42E6-A2F4-85022B8C4AB8}.Debug|x64.Build.0 = Debug|x64
		{F3001F51-2BE0-42E6-A2F4-85022B8C4AB8}.Debug|x86.ActiveCfg = Debug|Win32
		{F3001F51-2BE0-42E6-A2F4-85022B8C4AB8}.Debug|x86.Build.0 = Debug|Win32
		{F3001F51-2BE0-42E6-A2F4-85022B8C4AB8}.Release|x64.ActiveCfg = Release|x64
		{F3001F51-2BE0-42E6-A2F4-85022B8C4AB8}.Release|x64.Build.0 = Release|x64
		{F3001F51-2BE0-42E6-A2F4-85022B8C4AB8}.Release|x86.ActiveCfg = Release|Win32
		{F3001F51-2BE0-42E6-A2F4-85022B8C4AB8}.Release|x86.Build.0 = Release|Win32
	EndGlobalSection
	GlobalSection(SolutionProperties) = preSolution
		HideSolutionNode = FALSE
	EndGlobalSection
	GlobalSection(ExtensibilityGlobals) = postSolution
		SolutionGuid = {3A0FD4CD-E93F-4877-85F5-524193B23C9E}
	EndGlobalSection
EndGlobal
