
Microsoft Visual Studio Solution File, Format Version 12.00
# Visual Studio Version 17
VisualStudioVersion = 17.6.33815.320
MinimumVisualStudioVersion = 10.0.40219.1
Project("{8BC9CEB8-8B4A-11D0-8D11-00A0C91BC942}") = "copy", "copy\copy.vcxproj", "{179A99F0-4360-40AF-BDC3-87A16CB9B8C3}"
EndProject
Global
	GlobalSection(SolutionConfigurationPlatforms) = preSolution
		Debug|x64 = Debug|x64
		Debug|x86 = Debug|x86
		Release|x64 = Release|x64
		Release|x86 = Release|x86
	EndGlobalSection
	GlobalSection(ProjectConfigurationPlatforms) = postSolution
		{179A99F0-4360-40AF-BDC3-87A16CB9B8C3}.Debug|x64.ActiveCfg = Debug|x64
		{179A99F0-4360-40AF-BDC3-87A16CB9B8C3}.Debug|x64.Build.0 = Debug|x64
		{179A99F0-4360-40AF-BDC3-87A16CB9B8C3}.Debug|x86.ActiveCfg = Debug|Win32
		{179A99F0-4360-40AF-BDC3-87A16CB9B8C3}.Debug|x86.Build.0 = Debug|Win32
		{179A99F0-4360-40AF-BDC3-87A16CB9B8C3}.Release|x64.ActiveCfg = Release|x64
		{179A99F0-4360-40AF-BDC3-87A16CB9B8C3}.Release|x64.Build.0 = Release|x64
		{179A99F0-4360-40AF-BDC3-87A16CB9B8C3}.Release|x86.ActiveCfg = Release|Win32
		{179A99F0-4360-40AF-BDC3-87A16CB9B8C3}.Release|x86.Build.0 = Release|Win32
	EndGlobalSection
	GlobalSection(SolutionProperties) = preSolution
		HideSolutionNode = FALSE
	EndGlobalSection
	GlobalSection(ExtensibilityGlobals) = postSolution
		SolutionGuid = {EFE7964D-79E1-4129-8AE5-FA2797AD44C9}
	EndGlobalSection
EndGlobal
